
Microsoft Visual Studio Solution File, Format Version 11.00
# Visual Studio 2010
Project("{FAE04EC0-301F-11D3-BF4B-00C04F79EFBC}") = "UnityEngine.TestRunner", "UnityEngine.TestRunner.csproj", "{9ad90f0f-ee0e-6257-2a09-3c815c5cfa86}"
EndProject
Project("{FAE04EC0-301F-11D3-BF4B-00C04F79EFBC}") = "UnityEngine.UI", "UnityEngine.UI.csproj", "{98686068-ea22-ab01-082e-d5bb47b6f91a}"
EndProject
Project("{FAE04EC0-301F-11D3-BF4B-00C04F79EFBC}") = "Unity.VisualScripting.Flow", "Unity.VisualScripting.Flow.csproj", "{dec9644a-21f6-ec68-884b-ab8ad3d9b24c}"
EndProject
Project("{FAE04EC0-301F-11D3-BF4B-00C04F79EFBC}") = "Unity.Services.Core.Telemetry", "Unity.Services.Core.Telemetry.csproj", "{f76e99c5-ef9f-8e62-bda2-83f00561f4ad}"
EndProject
Project("{FAE04EC0-301F-11D3-BF4B-00C04F79EFBC}") = "Unity.VisualScripting.State", "Unity.VisualScripting.State.csproj", "{235ff962-6a46-1ad2-1f14-c0adfe33a89f}"
EndProject
Project("{FAE04EC0-301F-11D3-BF4B-00C04F79EFBC}") = "Unity.VisualScripting.Core", "Unity.VisualScripting.Core.csproj", "{153f3a29-9178-62fe-80f6-f3989f7c2870}"
EndProject
Project("{FAE04EC0-301F-11D3-BF4B-00C04F79EFBC}") = "Unity.Services.Core.Environments.Internal", "Unity.Services.Core.Environments.Internal.csproj", "{583ed9c6-5484-27a5-7659-9149973d50ff}"
EndProject
Project("{FAE04EC0-301F-11D3-BF4B-00C04F79EFBC}") = "Unity.TextMeshPro", "Unity.TextMeshPro.csproj", "{0084ca04-391d-3d08-5ce3-96ee46ffe610}"
EndProject
Project("{FAE04EC0-301F-11D3-BF4B-00C04F79EFBC}") = "Unity.Timeline", "Unity.Timeline.csproj", "{6f8ebeac-6db9-b307-8f80-ac7467ae920b}"
EndProject
Project("{FAE04EC0-301F-11D3-BF4B-00C04F79EFBC}") = "Unity.Services.Core.Environments", "Unity.Services.Core.Environments.csproj", "{e28f53e3-bd19-e1e9-3b64-a6ae11b80866}"
EndProject
Project("{FAE04EC0-301F-11D3-BF4B-00C04F79EFBC}") = "Unity.Services.Core.Internal", "Unity.Services.Core.Internal.csproj", "{236eea6e-d1d8-2a64-bbab-02559d5f0686}"
EndProject
Project("{FAE04EC0-301F-11D3-BF4B-00C04F79EFBC}") = "Unity.Services.Core.Analytics", "Unity.Services.Core.Analytics.csproj", "{ad983386-5aae-037e-4f99-82b347e4bfc8}"
EndProject
Project("{FAE04EC0-301F-11D3-BF4B-00C04F79EFBC}") = "Unity.Services.Core.Scheduler", "Unity.Services.Core.Scheduler.csproj", "{eb85ebea-2904-8c14-8ab5-038026dc3c1b}"
EndProject
Project("{FAE04EC0-301F-11D3-BF4B-00C04F79EFBC}") = "Unity.Services.Core.Registration", "Unity.Services.Core.Registration.csproj", "{c5c3ba9e-df95-532a-973b-a83bcda64cb8}"
EndProject
Project("{FAE04EC0-301F-11D3-BF4B-00C04F79EFBC}") = "Unity.Services.Core.Device", "Unity.Services.Core.Device.csproj", "{70aeb8c7-9c4d-00e3-65e8-d722388b7cc7}"
EndProject
Project("{FAE04EC0-301F-11D3-BF4B-00C04F79EFBC}") = "Unity.Services.Core.Threading", "Unity.Services.Core.Threading.csproj", "{f75ca733-3444-76d8-9eb2-42fc35cc6252}"
EndProject
Project("{FAE04EC0-301F-11D3-BF4B-00C04F79EFBC}") = "Unity.Services.Core.Networking", "Unity.Services.Core.Networking.csproj", "{ca000ff6-c74f-43cd-f3f8-61e2ae1c8136}"
EndProject
Project("{FAE04EC0-301F-11D3-BF4B-00C04F79EFBC}") = "Unity.Services.Core", "Unity.Services.Core.csproj", "{f36fc2ff-de5a-86c3-63ce-3dc707a4bb6f}"
EndProject
Project("{FAE04EC0-301F-11D3-BF4B-00C04F79EFBC}") = "Unity.Services.Core.Configuration", "Unity.Services.Core.Configuration.csproj", "{2de50747-126c-02b4-48cd-9b75756741d8}"
EndProject
Project("{FAE04EC0-301F-11D3-BF4B-00C04F79EFBC}") = "Unity.PlasticSCM.Editor", "Unity.PlasticSCM.Editor.csproj", "{adff7b36-d6a3-2c29-8c46-7a9e2619d808}"
EndProject
Project("{FAE04EC0-301F-11D3-BF4B-00C04F79EFBC}") = "Unity.VisualScripting.Core.Editor", "Unity.VisualScripting.Core.Editor.csproj", "{6cf49414-f8ac-affa-6b20-2c5170f54b43}"
EndProject
Project("{FAE04EC0-301F-11D3-BF4B-00C04F79EFBC}") = "Unity.VisualScripting.Flow.Editor", "Unity.VisualScripting.Flow.Editor.csproj", "{46751608-ea49-3974-dad7-74fcc537171e}"
EndProject
Project("{FAE04EC0-301F-11D3-BF4B-00C04F79EFBC}") = "Unity.VisualStudio.Editor", "Unity.VisualStudio.Editor.csproj", "{d5b5c98f-ca65-c05b-251d-be50484c466a}"
EndProject
Project("{FAE04EC0-301F-11D3-BF4B-00C04F79EFBC}") = "Unity.Timeline.Editor", "Unity.Timeline.Editor.csproj", "{9fd19b6f-5460-1a9e-ac46-1c52d51780b4}"
EndProject
Project("{FAE04EC0-301F-11D3-BF4B-00C04F79EFBC}") = "Unity.VisualScripting.State.Editor", "Unity.VisualScripting.State.Editor.csproj", "{f7634a31-eaea-0f1c-1a8d-12595542a60b}"
EndProject
Project("{FAE04EC0-301F-11D3-BF4B-00C04F79EFBC}") = "Unity.TextMeshPro.Editor", "Unity.TextMeshPro.Editor.csproj", "{f45dacf9-588c-5ca4-8e74-cd8c34c51dc6}"
EndProject
Project("{FAE04EC0-301F-11D3-BF4B-00C04F79EFBC}") = "Unity.VisualScripting.SettingsProvider.Editor", "Unity.VisualScripting.SettingsProvider.Editor.csproj", "{bd930279-baa4-cc6c-8e5a-6ac371bedd66}"
EndProject
Project("{FAE04EC0-301F-11D3-BF4B-00C04F79EFBC}") = "Unity.CollabProxy.Editor", "Unity.CollabProxy.Editor.csproj", "{54313178-2874-e259-3e2c-33891c2c623c}"
EndProject
Project("{FAE04EC0-301F-11D3-BF4B-00C04F79EFBC}") = "UnityEditor.TestRunner", "UnityEditor.TestRunner.csproj", "{be3868d4-e46d-045f-38e4-1285640fb6a5}"
EndProject
Project("{FAE04EC0-301F-11D3-BF4B-00C04F79EFBC}") = "Unity.Services.Core.Editor", "Unity.Services.Core.Editor.csproj", "{601a67b5-713e-5303-6d81-a429b92c1845}"
EndProject
Project("{FAE04EC0-301F-11D3-BF4B-00C04F79EFBC}") = "Unity.TestTools.CodeCoverage.Editor", "Unity.TestTools.CodeCoverage.Editor.csproj", "{eee0dbe4-6fe3-2e91-2081-dec9456d84fc}"
EndProject
Project("{FAE04EC0-301F-11D3-BF4B-00C04F79EFBC}") = "Unity.Rider.Editor", "Unity.Rider.Editor.csproj", "{9ff3391a-8ec7-54ca-816d-cf2ffbd3a867}"
EndProject
Project("{FAE04EC0-301F-11D3-BF4B-00C04F79EFBC}") = "Unity.Performance.Profile-Analyzer.Editor", "Unity.Performance.Profile-Analyzer.Editor.csproj", "{071cd91c-62bd-4e10-c91b-43ad0afe7676}"
EndProject
Project("{FAE04EC0-301F-11D3-BF4B-00C04F79EFBC}") = "Unity.VSCode.Editor", "Unity.VSCode.Editor.csproj", "{09eee223-461c-c9aa-7ea5-b65a2508aea0}"
EndProject
Project("{FAE04EC0-301F-11D3-BF4B-00C04F79EFBC}") = "UnityEditor.UI", "UnityEditor.UI.csproj", "{06c107e0-327d-229e-c1bc-a30aa7304165}"
EndProject
Project("{FAE04EC0-301F-11D3-BF4B-00C04F79EFBC}") = "Unity.TestTools.CodeCoverage.Editor.OpenCover.Model", "Unity.TestTools.CodeCoverage.Editor.OpenCover.Model.csproj", "{948922f0-6e77-0d94-686a-4a421c1fff7e}"
EndProject
Project("{FAE04EC0-301F-11D3-BF4B-00C04F79EFBC}") = "Unity.EditorCoroutines.Editor", "Unity.EditorCoroutines.Editor.csproj", "{da587606-75d7-0d5e-2fee-1a5663315e19}"
EndProject
Project("{FAE04EC0-301F-11D3-BF4B-00C04F79EFBC}") = "Unity.Settings.Editor", "Unity.Settings.Editor.csproj", "{55fb7aa2-f725-62fa-3990-b8aa8a6f9c12}"
EndProject
Project("{FAE04EC0-301F-11D3-BF4B-00C04F79EFBC}") = "Unity.Services.Core.Configuration.Editor", "Unity.Services.Core.Configuration.Editor.csproj", "{a95cd3a9-214b-826c-60fb-8777624cc621}"
EndProject
Project("{FAE04EC0-301F-11D3-BF4B-00C04F79EFBC}") = "Unity.TestTools.CodeCoverage.Editor.OpenCover.Mono.Reflection", "Unity.TestTools.CodeCoverage.Editor.OpenCover.Mono.Reflection.csproj", "{e4bf5d9a-42fc-ed74-ae9f-e1ddebf07c63}"
EndProject
Project("{FAE04EC0-301F-11D3-BF4B-00C04F79EFBC}") = "Unity.VisualScripting.Shared.Editor", "Unity.VisualScripting.Shared.Editor.csproj", "{94274720-5e79-aa28-92d8-678419a230f2}"
EndProject
Project("{FAE04EC0-301F-11D3-BF4B-00C04F79EFBC}") = "Unity.PlasticSCM.EditorTests", "Unity.PlasticSCM.EditorTests.csproj", "{18b89c99-8b63-7f79-c828-42aa2d465a5e}"
EndProject
Project("{FAE04EC0-301F-11D3-BF4B-00C04F79EFBC}") = "Unity.TestTools.CodeCoverage.Editor.Compatibility", "Unity.TestTools.CodeCoverage.Editor.Compatibility.csproj", "{9df2fd85-d03b-0400-cd8a-414bd951f757}"
EndProject
Project("{FAE04EC0-301F-11D3-BF4B-00C04F79EFBC}") = "Unity.TextMeshPro.Editor.Tests", "Unity.TextMeshPro.Editor.Tests.csproj", "{99002d83-f5fd-bf30-c2dd-20c1d3401b84}"
EndProject
Project("{FAE04EC0-301F-11D3-BF4B-00C04F79EFBC}") = "DocCodeExamples", "DocCodeExamples.csproj", "{3e155f92-aa59-097b-b20e-df15281ff619}"
EndProject
Project("{FAE04EC0-301F-11D3-BF4B-00C04F79EFBC}") = "Unity.Performance.Profile-Analyzer.EditorTests", "Unity.Performance.Profile-Analyzer.EditorTests.csproj", "{c9b3157d-08f4-d031-7c1a-63a40163285a}"
EndProject
Project("{FAE04EC0-301F-11D3-BF4B-00C04F79EFBC}") = "Unity.CollabProxy.EditorTests", "Unity.CollabProxy.EditorTests.csproj", "{ab32407e-eda0-b3a1-0eaa-f9489c164dd9}"
EndProject
Project("{FAE04EC0-301F-11D3-BF4B-00C04F79EFBC}") = "Unity.Settings.Tests", "Unity.Settings.Tests.csproj", "{ebb3f444-4ef6-9f2e-ccd7-1a58e7464847}"
EndProject
Project("{FAE04EC0-301F-11D3-BF4B-00C04F79EFBC}") = "UnityEngine.UI.Tests", "UnityEngine.UI.Tests.csproj", "{4fe7f97d-9f18-baff-12af-2d9dd447d290}"
EndProject
Project("{FAE04EC0-301F-11D3-BF4B-00C04F79EFBC}") = "Unity.TextMeshPro.Tests", "Unity.TextMeshPro.Tests.csproj", "{fd763b71-d3f3-2b83-613c-b94d3598546f}"
EndProject
Project("{FAE04EC0-301F-11D3-BF4B-00C04F79EFBC}") = "UnityEditor.UI.EditorTests", "UnityEditor.UI.EditorTests.csproj", "{af34e804-bd48-d222-80a2-2caa773269e7}"
EndProject
Global
	GlobalSection(SolutionConfigurationPlatforms) = preSolution
		Debug|Any CPU = Debug|Any CPU
	EndGlobalSection
	GlobalSection(ProjectConfigurationPlatforms) = postSolution
		{9ad90f0f-ee0e-6257-2a09-3c815c5cfa86}.Debug|Any CPU.ActiveCfg = Debug|Any CPU
		{9ad90f0f-ee0e-6257-2a09-3c815c5cfa86}.Debug|Any CPU.Build.0 = Debug|Any CPU
		{98686068-ea22-ab01-082e-d5bb47b6f91a}.Debug|Any CPU.ActiveCfg = Debug|Any CPU
		{98686068-ea22-ab01-082e-d5bb47b6f91a}.Debug|Any CPU.Build.0 = Debug|Any CPU
		{dec9644a-21f6-ec68-884b-ab8ad3d9b24c}.Debug|Any CPU.ActiveCfg = Debug|Any CPU
		{dec9644a-21f6-ec68-884b-ab8ad3d9b24c}.Debug|Any CPU.Build.0 = Debug|Any CPU
		{f76e99c5-ef9f-8e62-bda2-83f00561f4ad}.Debug|Any CPU.ActiveCfg = Debug|Any CPU
		{f76e99c5-ef9f-8e62-bda2-83f00561f4ad}.Debug|Any CPU.Build.0 = Debug|Any CPU
		{235ff962-6a46-1ad2-1f14-c0adfe33a89f}.Debug|Any CPU.ActiveCfg = Debug|Any CPU
		{235ff962-6a46-1ad2-1f14-c0adfe33a89f}.Debug|Any CPU.Build.0 = Debug|Any CPU
		{153f3a29-9178-62fe-80f6-f3989f7c2870}.Debug|Any CPU.ActiveCfg = Debug|Any CPU
		{153f3a29-9178-62fe-80f6-f3989f7c2870}.Debug|Any CPU.Build.0 = Debug|Any CPU
		{583ed9c6-5484-27a5-7659-9149973d50ff}.Debug|Any CPU.ActiveCfg = Debug|Any CPU
		{583ed9c6-5484-27a5-7659-9149973d50ff}.Debug|Any CPU.Build.0 = Debug|Any CPU
		{0084ca04-391d-3d08-5ce3-96ee46ffe610}.Debug|Any CPU.ActiveCfg = Debug|Any CPU
		{0084ca04-391d-3d08-5ce3-96ee46ffe610}.Debug|Any CPU.Build.0 = Debug|Any CPU
		{6f8ebeac-6db9-b307-8f80-ac7467ae920b}.Debug|Any CPU.ActiveCfg = Debug|Any CPU
		{6f8ebeac-6db9-b307-8f80-ac7467ae920b}.Debug|Any CPU.Build.0 = Debug|Any CPU
		{e28f53e3-bd19-e1e9-3b64-a6ae11b80866}.Debug|Any CPU.ActiveCfg = Debug|Any CPU
		{e28f53e3-bd19-e1e9-3b64-a6ae11b80866}.Debug|Any CPU.Build.0 = Debug|Any CPU
		{236eea6e-d1d8-2a64-bbab-02559d5f0686}.Debug|Any CPU.ActiveCfg = Debug|Any CPU
		{236eea6e-d1d8-2a64-bbab-02559d5f0686}.Debug|Any CPU.Build.0 = Debug|Any CPU
		{ad983386-5aae-037e-4f99-82b347e4bfc8}.Debug|Any CPU.ActiveCfg = Debug|Any CPU
		{ad983386-5aae-037e-4f99-82b347e4bfc8}.Debug|Any CPU.Build.0 = Debug|Any CPU
		{eb85ebea-2904-8c14-8ab5-038026dc3c1b}.Debug|Any CPU.ActiveCfg = Debug|Any CPU
		{eb85ebea-2904-8c14-8ab5-038026dc3c1b}.Debug|Any CPU.Build.0 = Debug|Any CPU
		{c5c3ba9e-df95-532a-973b-a83bcda64cb8}.Debug|Any CPU.ActiveCfg = Debug|Any CPU
		{c5c3ba9e-df95-532a-973b-a83bcda64cb8}.Debug|Any CPU.Build.0 = Debug|Any CPU
		{70aeb8c7-9c4d-00e3-65e8-d722388b7cc7}.Debug|Any CPU.ActiveCfg = Debug|Any CPU
		{70aeb8c7-9c4d-00e3-65e8-d722388b7cc7}.Debug|Any CPU.Build.0 = Debug|Any CPU
		{f75ca733-3444-76d8-9eb2-42fc35cc6252}.Debug|Any CPU.ActiveCfg = Debug|Any CPU
		{f75ca733-3444-76d8-9eb2-42fc35cc6252}.Debug|Any CPU.Build.0 = Debug|Any CPU
		{ca000ff6-c74f-43cd-f3f8-61e2ae1c8136}.Debug|Any CPU.ActiveCfg = Debug|Any CPU
		{ca000ff6-c74f-43cd-f3f8-61e2ae1c8136}.Debug|Any CPU.Build.0 = Debug|Any CPU
		{f36fc2ff-de5a-86c3-63ce-3dc707a4bb6f}.Debug|Any CPU.ActiveCfg = Debug|Any CPU
		{f36fc2ff-de5a-86c3-63ce-3dc707a4bb6f}.Debug|Any CPU.Build.0 = Debug|Any CPU
		{2de50747-126c-02b4-48cd-9b75756741d8}.Debug|Any CPU.ActiveCfg = Debug|Any CPU
		{2de50747-126c-02b4-48cd-9b75756741d8}.Debug|Any CPU.Build.0 = Debug|Any CPU
		{adff7b36-d6a3-2c29-8c46-7a9e2619d808}.Debug|Any CPU.ActiveCfg = Debug|Any CPU
		{adff7b36-d6a3-2c29-8c46-7a9e2619d808}.Debug|Any CPU.Build.0 = Debug|Any CPU
		{6cf49414-f8ac-affa-6b20-2c5170f54b43}.Debug|Any CPU.ActiveCfg = Debug|Any CPU
		{6cf49414-f8ac-affa-6b20-2c5170f54b43}.Debug|Any CPU.Build.0 = Debug|Any CPU
		{46751608-ea49-3974-dad7-74fcc537171e}.Debug|Any CPU.ActiveCfg = Debug|Any CPU
		{46751608-ea49-3974-dad7-74fcc537171e}.Debug|Any CPU.Build.0 = Debug|Any CPU
		{d5b5c98f-ca65-c05b-251d-be50484c466a}.Debug|Any CPU.ActiveCfg = Debug|Any CPU
		{d5b5c98f-ca65-c05b-251d-be50484c466a}.Debug|Any CPU.Build.0 = Debug|Any CPU
		{9fd19b6f-5460-1a9e-ac46-1c52d51780b4}.Debug|Any CPU.ActiveCfg = Debug|Any CPU
		{9fd19b6f-5460-1a9e-ac46-1c52d51780b4}.Debug|Any CPU.Build.0 = Debug|Any CPU
		{f7634a31-eaea-0f1c-1a8d-12595542a60b}.Debug|Any CPU.ActiveCfg = Debug|Any CPU
		{f7634a31-eaea-0f1c-1a8d-12595542a60b}.Debug|Any CPU.Build.0 = Debug|Any CPU
		{f45dacf9-588c-5ca4-8e74-cd8c34c51dc6}.Debug|Any CPU.ActiveCfg = Debug|Any CPU
		{f45dacf9-588c-5ca4-8e74-cd8c34c51dc6}.Debug|Any CPU.Build.0 = Debug|Any CPU
		{bd930279-baa4-cc6c-8e5a-6ac371bedd66}.Debug|Any CPU.ActiveCfg = Debug|Any CPU
		{bd930279-baa4-cc6c-8e5a-6ac371bedd66}.Debug|Any CPU.Build.0 = Debug|Any CPU
		{54313178-2874-e259-3e2c-33891c2c623c}.Debug|Any CPU.ActiveCfg = Debug|Any CPU
		{54313178-2874-e259-3e2c-33891c2c623c}.Debug|Any CPU.Build.0 = Debug|Any CPU
		{be3868d4-e46d-045f-38e4-1285640fb6a5}.Debug|Any CPU.ActiveCfg = Debug|Any CPU
		{be3868d4-e46d-045f-38e4-1285640fb6a5}.Debug|Any CPU.Build.0 = Debug|Any CPU
		{601a67b5-713e-5303-6d81-a429b92c1845}.Debug|Any CPU.ActiveCfg = Debug|Any CPU
		{601a67b5-713e-5303-6d81-a429b92c1845}.Debug|Any CPU.Build.0 = Debug|Any CPU
		{eee0dbe4-6fe3-2e91-2081-dec9456d84fc}.Debug|Any CPU.ActiveCfg = Debug|Any CPU
		{eee0dbe4-6fe3-2e91-2081-dec9456d84fc}.Debug|Any CPU.Build.0 = Debug|Any CPU
		{9ff3391a-8ec7-54ca-816d-cf2ffbd3a867}.Debug|Any CPU.ActiveCfg = Debug|Any CPU
		{9ff3391a-8ec7-54ca-816d-cf2ffbd3a867}.Debug|Any CPU.Build.0 = Debug|Any CPU
		{071cd91c-62bd-4e10-c91b-43ad0afe7676}.Debug|Any CPU.ActiveCfg = Debug|Any CPU
		{071cd91c-62bd-4e10-c91b-43ad0afe7676}.Debug|Any CPU.Build.0 = Debug|Any CPU
		{09eee223-461c-c9aa-7ea5-b65a2508aea0}.Debug|Any CPU.ActiveCfg = Debug|Any CPU
		{09eee223-461c-c9aa-7ea5-b65a2508aea0}.Debug|Any CPU.Build.0 = Debug|Any CPU
		{06c107e0-327d-229e-c1bc-a30aa7304165}.Debug|Any CPU.ActiveCfg = Debug|Any CPU
		{06c107e0-327d-229e-c1bc-a30aa7304165}.Debug|Any CPU.Build.0 = Debug|Any CPU
		{948922f0-6e77-0d94-686a-4a421c1fff7e}.Debug|Any CPU.ActiveCfg = Debug|Any CPU
		{948922f0-6e77-0d94-686a-4a421c1fff7e}.Debug|Any CPU.Build.0 = Debug|Any CPU
		{da587606-75d7-0d5e-2fee-1a5663315e19}.Debug|Any CPU.ActiveCfg = Debug|Any CPU
		{da587606-75d7-0d5e-2fee-1a5663315e19}.Debug|Any CPU.Build.0 = Debug|Any CPU
		{55fb7aa2-f725-62fa-3990-b8aa8a6f9c12}.Debug|Any CPU.ActiveCfg = Debug|Any CPU
		{55fb7aa2-f725-62fa-3990-b8aa8a6f9c12}.Debug|Any CPU.Build.0 = Debug|Any CPU
		{a95cd3a9-214b-826c-60fb-8777624cc621}.Debug|Any CPU.ActiveCfg = Debug|Any CPU
		{a95cd3a9-214b-826c-60fb-8777624cc621}.Debug|Any CPU.Build.0 = Debug|Any CPU
		{e4bf5d9a-42fc-ed74-ae9f-e1ddebf07c63}.Debug|Any CPU.ActiveCfg = Debug|Any CPU
		{e4bf5d9a-42fc-ed74-ae9f-e1ddebf07c63}.Debug|Any CPU.Build.0 = Debug|Any CPU
		{94274720-5e79-aa28-92d8-678419a230f2}.Debug|Any CPU.ActiveCfg = Debug|Any CPU
		{94274720-5e79-aa28-92d8-678419a230f2}.Debug|Any CPU.Build.0 = Debug|Any CPU
		{18b89c99-8b63-7f79-c828-42aa2d465a5e}.Debug|Any CPU.ActiveCfg = Debug|Any CPU
		{18b89c99-8b63-7f79-c828-42aa2d465a5e}.Debug|Any CPU.Build.0 = Debug|Any CPU
		{9df2fd85-d03b-0400-cd8a-414bd951f757}.Debug|Any CPU.ActiveCfg = Debug|Any CPU
		{9df2fd85-d03b-0400-cd8a-414bd951f757}.Debug|Any CPU.Build.0 = Debug|Any CPU
		{99002d83-f5fd-bf30-c2dd-20c1d3401b84}.Debug|Any CPU.ActiveCfg = Debug|Any CPU
		{99002d83-f5fd-bf30-c2dd-20c1d3401b84}.Debug|Any CPU.Build.0 = Debug|Any CPU
		{3e155f92-aa59-097b-b20e-df15281ff619}.Debug|Any CPU.ActiveCfg = Debug|Any CPU
		{3e155f92-aa59-097b-b20e-df15281ff619}.Debug|Any CPU.Build.0 = Debug|Any CPU
		{c9b3157d-08f4-d031-7c1a-63a40163285a}.Debug|Any CPU.ActiveCfg = Debug|Any CPU
		{c9b3157d-08f4-d031-7c1a-63a40163285a}.Debug|Any CPU.Build.0 = Debug|Any CPU
		{ab32407e-eda0-b3a1-0eaa-f9489c164dd9}.Debug|Any CPU.ActiveCfg = Debug|Any CPU
		{ab32407e-eda0-b3a1-0eaa-f9489c164dd9}.Debug|Any CPU.Build.0 = Debug|Any CPU
		{ebb3f444-4ef6-9f2e-ccd7-1a58e7464847}.Debug|Any CPU.ActiveCfg = Debug|Any CPU
		{ebb3f444-4ef6-9f2e-ccd7-1a58e7464847}.Debug|Any CPU.Build.0 = Debug|Any CPU
		{4fe7f97d-9f18-baff-12af-2d9dd447d290}.Debug|Any CPU.ActiveCfg = Debug|Any CPU
		{4fe7f97d-9f18-baff-12af-2d9dd447d290}.Debug|Any CPU.Build.0 = Debug|Any CPU
		{fd763b71-d3f3-2b83-613c-b94d3598546f}.Debug|Any CPU.ActiveCfg = Debug|Any CPU
		{fd763b71-d3f3-2b83-613c-b94d3598546f}.Debug|Any CPU.Build.0 = Debug|Any CPU
		{af34e804-bd48-d222-80a2-2caa773269e7}.Debug|Any CPU.ActiveCfg = Debug|Any CPU
		{af34e804-bd48-d222-80a2-2caa773269e7}.Debug|Any CPU.Build.0 = Debug|Any CPU
	EndGlobalSection
	GlobalSection(SolutionProperties) = preSolution
		HideSolutionNode = FALSE
	EndGlobalSection
EndGlobal
